Microsoft Visual Studio Solution File, Format Version 12.00
# Visual Studio Version 17
VisualStudioVersion = 17.0.31611.283
MinimumVisualStudioVersion = 10.0.40219.1
Project("{9A19103F-16F7-4668-BE54-9A1E7A4F7556}") = "MauiApp2", "MauiApp2\MauiApp2.csproj", "{F423F5DE-4593-4D1A-85BB-B99CCE8E5E21}"
EndProject
Project("{FAE04EC0-301F-11D3-BF4B-00C04F79EFBC}") = "RazorClassLibrary1", "RazorClassLibrary1\RazorClassLibrary1.csproj", "{BDE775F2-723B-4B4B-B5BD-8E7A8A4FF00F}"
EndProject
Project("{FAE04EC0-301F-11D3-BF4B-00C04F79EFBC}") = "BlazorApp1", "BlazorApp1\BlazorApp1.csproj", "{91573B46-7A60-4DDD-B379-3890FB79B195}"
EndProject
Project("{FAE04EC0-301F-11D3-BF4B-00C04F79EFBC}") = "WebApplication1", "WebApplication1\WebApplication1.csproj", "{C934865A-B154-4546-8CD3-3049925C98FB}"
EndProject
Project("{FAE04EC0-301F-11D3-BF4B-00C04F79EFBC}") = "ClassLibrary1", "ClassLibrary1\ClassLibrary1.csproj", "{5A331965-B1FC-4E3D-B02F-8F1846D73644}"
EndProject
Global
	GlobalSection(SolutionConfigurationPlatforms) = preSolution
		Debug|Any CPU = Debug|Any CPU
		Release|Any CPU = Release|Any CPU
	EndGlobalSection
	GlobalSection(ProjectConfigurationPlatforms) = postSolution
		{F423F5DE-4593-4D1A-85BB-B99CCE8E5E21}.Debug|Any CPU.ActiveCfg = Debug|Any CPU
		{F423F5DE-4593-4D1A-85BB-B99CCE8E5E21}.Debug|Any CPU.Build.0 = Debug|Any CPU
		{F423F5DE-4593-4D1A-85BB-B99CCE8E5E21}.Debug|Any CPU.Deploy.0 = Debug|Any CPU
		{F423F5DE-4593-4D1A-85BB-B99CCE8E5E21}.Release|Any CPU.ActiveCfg = Release|Any CPU
		{F423F5DE-4593-4D1A-85BB-B99CCE8E5E21}.Release|Any CPU.Build.0 = Release|Any CPU
		{F423F5DE-4593-4D1A-85BB-B99CCE8E5E21}.Release|Any CPU.Deploy.0 = Release|Any CPU
		{BDE775F2-723B-4B4B-B5BD-8E7A8A4FF00F}.Debug|Any CPU.ActiveCfg = Debug|Any CPU
		{BDE775F2-723B-4B4B-B5BD-8E7A8A4FF00F}.Debug|Any CPU.Build.0 = Debug|Any CPU
		{BDE775F2-723B-4B4B-B5BD-8E7A8A4FF00F}.Release|Any CPU.ActiveCfg = Release|Any CPU
		{BDE775F2-723B-4B4B-B5BD-8E7A8A4FF00F}.Release|Any CPU.Build.0 = Release|Any CPU
		{91573B46-7A60-4DDD-B379-3890FB79B195}.Debug|Any CPU.ActiveCfg = Debug|Any CPU
		{91573B46-7A60-4DDD-B379-3890FB79B195}.Debug|Any CPU.Build.0 = Debug|Any CPU
		{91573B46-7A60-4DDD-B379-3890FB79B195}.Release|Any CPU.ActiveCfg = Release|Any CPU
		{91573B46-7A60-4DDD-B379-3890FB79B195}.Release|Any CPU.Build.0 = Release|Any CPU
		{C934865A-B154-4546-8CD3-3049925C98FB}.Debug|Any CPU.ActiveCfg = Debug|Any CPU
		{C934865A-B154-4546-8CD3-3049925C98FB}.Debug|Any CPU.Build.0 = Debug|Any CPU
		{C934865A-B154-4546-8CD3-3049925C98FB}.Release|Any CPU.ActiveCfg = Release|Any CPU
		{C934865A-B154-4546-8CD3-3049925C98FB}.Release|Any CPU.Build.0 = Release|Any CPU
		{5A331965-B1FC-4E3D-B02F-8F1846D73644}.Debug|Any CPU.ActiveCfg = Debug|Any CPU
		{5A331965-B1FC-4E3D-B02F-8F1846D73644}.Debug|Any CPU.Build.0 = Debug|Any CPU
		{5A331965-B1FC-4E3D-B02F-8F1846D73644}.Release|Any CPU.ActiveCfg = Release|Any CPU
		{5A331965-B1FC-4E3D-B02F-8F1846D73644}.Release|Any CPU.Build.0 = Release|Any CPU
	EndGlobalSection
	GlobalSection(SolutionProperties) = preSolution
		HideSolutionNode = FALSE
	EndGlobalSection
	GlobalSection(ExtensibilityGlobals) = postSolution
		SolutionGuid = {61F7FB11-1E47-470C-91E2-47F8143E1572}
	EndGlobalSection
EndGlobal
